
Microsoft Visual Studio Solution File, Format Version 12.00
# Visual Studio Version 16
VisualStudioVersion = 16.0.30320.27
MinimumVisualStudioVersion = 10.0.40219.1
Project("{FAE04EC0-301F-11D3-BF4B-00C04F79EFBC}") = "Vidly", "Vidly.csproj", "{35D36910-B83A-4E7E-B9A2-448A69A0ABAB}"
EndProject
Global
	GlobalSection(SolutionConfigurationPlatforms) = preSolution
		Debug|Any CPU = Debug|Any CPU
		Release|Any CPU = Release|Any CPU
	EndGlobalSection
	GlobalSection(ProjectConfigurationPlatforms) = postSolution
		{35D36910-B83A-4E7E-B9A2-448A69A0ABAB}.Debug|Any CPU.ActiveCfg = Debug|Any CPU
		{35D36910-B83A-4E7E-B9A2-448A69A0ABAB}.Debug|Any CPU.Build.0 = Debug|Any CPU
		{35D36910-B83A-4E7E-B9A2-448A69A0ABAB}.Release|Any CPU.ActiveCfg = Release|Any CPU
		{35D36910-B83A-4E7E-B9A2-448A69A0ABAB}.Release|Any CPU.Build.0 = Release|Any CPU
	EndGlobalSection
	GlobalSection(SolutionProperties) = preSolution
		HideSolutionNode = FALSE
	EndGlobalSection
	GlobalSection(ExtensibilityGlobals) = postSolution
		SolutionGuid = {3E3DF571-503B-4DFF-BDBA-34560A2C0355}
	EndGlobalSection
EndGlobal
